// !$*UTF8*$!
{
	archiveVersion = 1;
	classes = {
	};
	objectVersion = 48;
	objects = {

/* Begin PBXBuildFile section */
		02FC3ACB202B19AB00476F67 /* AppDelegate.swift in Sources */ = {isa = PBXBuildFile; fileRef = 02FC3ACA202B19AB00476F67 /* AppDelegate.swift */; };
		02FC3ACD202B19AB00476F67 /* ViewController.swift in Sources */ = {isa = PBXBuildFile; fileRef = 02FC3ACC202B19AB00476F67 /* ViewController.swift */; };
		02FC3AD0202B19AB00476F67 /* Main.storyboard in Resources */ = {isa = PBXBuildFile; fileRef = 02FC3ACE202B19AB00476F67 /* Main.storyboard */; };
		02FC3AD2202B19AB00476F67 /* Assets.xcassets in Resources */ = {isa = PBXBuildFile; fileRef = 02FC3AD1202B19AB00476F67 /* Assets.xcassets */; };
		02FC3AD5202B19AB00476F67 /* LaunchScreen.storyboard in Resources */ = {isa = PBXBuildFile; fileRef = 02FC3AD3202B19AB00476F67 /* LaunchScreen.storyboard */; };
		DF2C25D8CD4BE28898F9574F /* Pods_Puppy.framework in Frameworks */ = {isa = PBXBuildFile; fileRef = 2F143915C6BBDA9BB73DDE4D /* Pods_Puppy.framework */; };
/* End PBXBuildFile section */

/* Begin PBXFileReference section */
		02FC3AC7202B19AB00476F67 /* Puppy.app */ = {isa = PBXFileReference; explicitFileType = wrapper.application; includeInIndex = 0; path = Puppy.app; sourceTree = BUILT_PRODUCTS_DIR; };
		02FC3ACA202B19AB00476F67 /* AppDelegate.swift */ = {isa = PBXFileReference; lastKnownFileType = sourcecode.swift; path = AppDelegate.swift; sourceTree = "<group>"; };
		02FC3ACC202B19AB00476F67 /* ViewController.swift */ = {isa = PBXFileReference; lastKnownFileType = sourcecode.swift; path = ViewController.swift; sourceTree = "<group>"; };
		02FC3ACF202B19AB00476F67 /* Base */ = {isa = PBXFileReference; lastKnownFileType = file.storyboard; name = Base; path = Base.lproj/Main.storyboard; sourceTree = "<group>"; };
		02FC3AD1202B19AB00476F67 /* Assets.xcassets */ = {isa = PBXFileReference; lastKnownFileType = folder.assetcatalog; path = Assets.xcassets; sourceTree = "<group>"; };
		02FC3AD4202B19AB00476F67 /* Base */ = {isa = PBXFileReference; lastKnownFileType = file.storyboard; name = Base; path = Base.lproj/LaunchScreen.storyboard; sourceTree = "<group>"; };
		02FC3AD6202B19AB00476F67 /* Info.plist */ = {isa = PBXFileReference; lastKnownFileType = text.plist.xml; path = Info.plist; sourceTree = "<group>"; };
		2F143915C6BBDA9BB73DDE4D /* Pods_Puppy.framework */ = {isa = PBXFileReference; explicitFileType = wrapper.framework; includeInIndex = 0; path = Pods_Puppy.framework; sourceTree = BUILT_PRODUCTS_DIR; };
		80BA9C461FAA5DAD2AF88AD8 /* Pods-Puppy.debug.xcconfig */ = {isa = PBXFileReference; includeInIndex = 1; lastKnownFileType = text.xcconfig; name = "Pods-Puppy.debug.xcconfig"; path = "Pods/Target Support Files/Pods-Puppy/Pods-Puppy.debug.xcconfig"; sourceTree = "<group>"; };
		C5D770A561D99A7D2DF38181 /* Pods-Puppy.release.xcconfig */ = {isa = PBXFileReference; includeInIndex = 1; lastKnownFileType = text.xcconfig; name = "Pods-Puppy.release.xcconfig"; path = "Pods/Target Support Files/Pods-Puppy/Pods-Puppy.release.xcconfig"; sourceTree = "<group>"; };
/* End PBXFileReference section */

/* Begin PBXFrameworksBuildPhase section */
		02FC3AC4202B19AB00476F67 /* Frameworks */ = {
			isa = PBXFrameworksBuildPhase;
			buildActionMask = 2147483647;
			files = (
				DF2C25D8CD4BE28898F9574F /* Pods_Puppy.framework in Frameworks */,
			);
			runOnlyForDeploymentPostprocessing = 0;
		};
/* End PBXFrameworksBuildPhase section */

/* Begin PBXGroup section */
		02FC3ABE202B19AB00476F67 = {
			isa = PBXGroup;
			children = (
				02FC3AC9202B19AB00476F67 /* Puppy */,
				02FC3AC8202B19AB00476F67 /* Products */,
				093ADC39E8E00A7D68A6B0D2 /* Pods */,
				35FAF0B4AFB008EAB52682E6 /* Frameworks */,
			);
			sourceTree = "<group>";
		};
		02FC3AC8202B19AB00476F67 /* Products */ = {
			isa = PBXGroup;
			children = (
				02FC3AC7202B19AB00476F67 /* Puppy.app */,
			);
			name = Products;
			sourceTree = "<group>";
		};
		02FC3AC9202B19AB00476F67 /* Puppy */ = {
			isa = PBXGroup;
			children = (
				02FC3ACA202B19AB00476F67 /* AppDelegate.swift */,
				02FC3ACC202B19AB00476F67 /* ViewController.swift */,
				02FC3ACE202B19AB00476F67 /* Main.storyboard */,
				02FC3AD1202B19AB00476F67 /* Assets.xcassets */,
				02FC3AD3202B19AB00476F67 /* LaunchScreen.storyboard */,
				02FC3AD6202B19AB00476F67 /* Info.plist */,
			);
			path = Puppy;
			sourceTree = "<group>";
		};
		093ADC39E8E00A7D68A6B0D2 /* Pods */ = {
			isa = PBXGroup;
			children = (
				80BA9C461FAA5DAD2AF88AD8 /* Pods-Puppy.debug.xcconfig */,
				C5D770A561D99A7D2DF38181 /* Pods-Puppy.release.xcconfig */,
			);
			name = Pods;
			sourceTree = "<group>";
		};
		35FAF0B4AFB008EAB52682E6 /* Frameworks */ = {
			isa = PBXGroup;
			children = (
				2F143915C6BBDA9BB73DDE4D /* Pods_Puppy.framework */,
			);
			name = Frameworks;
			sourceTree = "<group>";
		};
/* End PBXGroup section */

/* Begin PBXNativeTarget section */
		02FC3AC6202B19AB00476F67 /* Puppy */ = {
			isa = PBXNativeTarget;
			buildConfigurationList = 02FC3AD9202B19AB00476F67 /* Build configuration list for PBXNativeTarget "Puppy" */;
			buildPhases = (
				34E6FB5B11DD1185EF75FD50 /* [CP] Check Pods Manifest.lock */,
				02FC3AC3202B19AB00476F67 /* Sources */,
				02FC3AC4202B19AB00476F67 /* Frameworks */,
				02FC3AC5202B19AB00476F67 /* Resources */,
				9D8D0E9981A88DC949693C8F /* [CP] Embed Pods Frameworks */,
				136850EB1EA65E2F72A3BF54 /* [CP] Copy Pods Resources */,
			);
			buildRules = (
			);
			dependencies = (
			);
			name = Puppy;
			productName = Puppy;
			productReference = 02FC3AC7202B19AB00476F67 /* Puppy.app */;
			productType = "com.apple.product-type.application";
		};
/* End PBXNativeTarget section */

/* Begin PBXProject section */
		02FC3ABF202B19AB00476F67 /* Project object */ = {
			isa = PBXProject;
			attributes = {
				LastSwiftUpdateCheck = 0920;
				LastUpgradeCheck = 0920;
				ORGANIZATIONNAME = arifads;
				TargetAttributes = {
					02FC3AC6202B19AB00476F67 = {
						CreatedOnToolsVersion = 9.2;
						ProvisioningStyle = Automatic;
					};
				};
			};
			buildConfigurationList = 02FC3AC2202B19AB00476F67 /* Build configuration list for PBXProject "Puppy" */;
			compatibilityVersion = "Xcode 8.0";
			developmentRegion = en;
			hasScannedForEncodings = 0;
			knownRegions = (
				en,
				Base,
			);
			mainGroup = 02FC3ABE202B19AB00476F67;
			productRefGroup = 02FC3AC8202B19AB00476F67 /* Products */;
			projectDirPath = "";
			projectRoot = "";
			targets = (
				02FC3AC6202B19AB00476F67 /* Puppy */,
			);
		};
/* End PBXProject section */

/* Begin PBXResourcesBuildPhase section */
		02FC3AC5202B19AB00476F67 /* Resources */ = {
			isa = PBXResourcesBuildPhase;
			buildActionMask = 2147483647;
			files = (
				02FC3AD5202B19AB00476F67 /* LaunchScreen.storyboard in Resources */,
				02FC3AD2202B19AB00476F67 /* Assets.xcassets in Resources */,
				02FC3AD0202B19AB00476F67 /* Main.storyboard in Resources */,
			);
			runOnlyForDeploymentPostprocessing = 0;
		};
/* End PBXResourcesBuildPhase section */

/* Begin PBXShellScriptBuildPhase section */
		136850EB1EA65E2F72A3BF54 /* [CP] Copy Pods Resources */ = {
			isa = PBXShellScriptBuildPhase;
			buildActionMask = 2147483647;
			files = (
			);
			inputPaths = (
			);
			name = "[CP] Copy Pods Resources";
			outputPaths = (
			);
			runOnlyForDeploymentPostprocessing = 0;
			shellPath = /bin/sh;
			shellScript = "\"${SRCROOT}/Pods/Target Support Files/Pods-Puppy/Pods-Puppy-resources.sh\"\n";
			showEnvVarsInLog = 0;
		};
		34E6FB5B11DD1185EF75FD50 /* [CP] Check Pods Manifest.lock */ = {
			isa = PBXShellScriptBuildPhase;
			buildActionMask = 2147483647;
			files = (
			);
			inputPaths = (
				"${PODS_PODFILE_DIR_PATH}/Podfile.lock",
				"${PODS_ROOT}/Manifest.lock",
			);
			name = "[CP] Check Pods Manifest.lock";
			outputPaths = (
				"$(DERIVED_FILE_DIR)/Pods-Puppy-checkManifestLockResult.txt",
			);
			runOnlyForDeploymentPostprocessing = 0;
			shellPath = /bin/sh;
			shellScript = "diff \"${PODS_PODFILE_DIR_PATH}/Podfile.lock\" \"${PODS_ROOT}/Manifest.lock\" > /dev/null\nif [ $? != 0 ] ; then\n    # print error to STDERR\n    echo \"error: The sandbox is not in sync with the Podfile.lock. Run 'pod install' or update your CocoaPods installation.\" >&2\n    exit 1\nfi\n# This output is used by Xcode 'outputs' to avoid re-running this script phase.\necho \"SUCCESS\" > \"${SCRIPT_OUTPUT_FILE_0}\"\n";
			showEnvVarsInLog = 0;
		};
		9D8D0E9981A88DC949693C8F /* [CP] Embed Pods Frameworks */ = {
			isa = PBXShellScriptBuildPhase;
			buildActionMask = 2147483647;
			files = (
			);
			inputPaths = (
				"${SRCROOT}/Pods/Target Support Files/Pods-Puppy/Pods-Puppy-frameworks.sh",
				"${BUILT_PRODUCTS_DIR}/Alamofire/Alamofire.framework",
				"${BUILT_PRODUCTS_DIR}/PromiseKit/PromiseKit.framework",
			);
			name = "[CP] Embed Pods Frameworks";
			outputPaths = (
				"${TARGET_BUILD_DIR}/${FRAMEWORKS_FOLDER_PATH}/Alamofire.framework",
				"${TARGET_BUILD_DIR}/${FRAMEWORKS_FOLDER_PATH}/PromiseKit.framework",
			);
			runOnlyForDeploymentPostprocessing = 0;
			shellPath = /bin/sh;
			shellScript = "\"${SRCROOT}/Pods/Target Support Files/Pods-Puppy/Pods-Puppy-frameworks.sh\"\n";
			showEnvVarsInLog = 0;
		};
/* End PBXShellScriptBuildPhase section */

/* Begin PBXSourcesBuildPhase section */
		02FC3AC3202B19AB00476F67 /* Sources */ = {
			isa = PBXSourcesBuildPhase;
			buildActionMask = 2147483647;
			files = (
				02FC3ACD202B19AB00476F67 /* ViewController.swift in Sources */,
				02FC3ACB202B19AB00476F67 /* AppDelegate.swift in Sources */,
			);
			runOnlyForDeploymentPostprocessing = 0;
		};
/* End PBXSourcesBuildPhase section */

/* Begin PBXVariantGroup section */
		02FC3ACE202B19AB00476F67 /* Main.storyboard */ = {
			isa = PBXVariantGroup;
			children = (
				02FC3ACF202B19AB00476F67 /* Base */,
			);
			name = Main.storyboard;
			sourceTree = "<group>";
		};
		02FC3AD3202B19AB00476F67 /* LaunchScreen.storyboard */ = {
			isa = PBXVariantGroup;
			children = (
				02FC3AD4202B19AB00476F67 /* Base */,
			);
			name = LaunchScreen.storyboard;
			sourceTree = "<group>";
		};
/* End PBXVariantGroup section */

/* Begin XCBuildConfiguration section */
		02FC3AD7202B19AB00476F67 /* Debug */ = {
			isa = XCBuildConfiguration;
			buildSettings = {
				ALWAYS_SEARCH_USER_PATHS = NO;
				CLANG_ANALYZER_NONNULL = YES;
				CLANG_ANALYZER_NUMBER_OBJECT_CONVERSION = YES_AGGRESSIVE;
				CLANG_CXX_LANGUAGE_STANDARD = "gnu++14";
				CLANG_CXX_LIBRARY = "libc++";
				CLANG_ENABLE_MODULES = YES;
				CLANG_ENABLE_OBJC_ARC = YES;
				CLANG_WARN_BLOCK_CAPTURE_AUTORELEASING = YES;
				CLANG_WARN_BOOL_CONVERSION = YES;
				CLANG_WARN_COMMA = YES;
				CLANG_WARN_CONSTANT_CONVERSION = YES;
				CLANG_WARN_DIRECT_OBJC_ISA_USAGE = YES_ERROR;
				CLANG_WARN_DOCUMENTATION_COMMENTS = YES;
				CLANG_WARN_EMPTY_BODY = YES;
				CLANG_WARN_ENUM_CONVERSION = YES;
				CLANG_WARN_INFINITE_RECURSION = YES;
				CLANG_WARN_INT_CONVERSION = YES;
				CLANG_WARN_NON_LITERAL_NULL_CONVERSION = YES;
				CLANG_WARN_OBJC_LITERAL_CONVERSION = YES;
				CLANG_WARN_OBJC_ROOT_CLASS = YES_ERROR;
				CLANG_WARN_RANGE_LOOP_ANALYSIS = YES;
				CLANG_WARN_STRICT_PROTOTYPES = YES;
				CLANG_WARN_SUSPICIOUS_MOVE = YES;
				CLANG_WARN_UNGUARDED_AVAILABILITY = YES_AGGRESSIVE;
				CLANG_WARN_UNREACHABLE_CODE = YES;
				CLANG_WARN__DUPLICATE_METHOD_MATCH = YES;
				CODE_SIGN_IDENTITY = "iPhone Developer";
				COPY_PHASE_STRIP = NO;
				DEBUG_INFORMATION_FORMAT = dwarf;
				ENABLE_STRICT_OBJC_MSGSEND = YES;
				ENABLE_TESTABILITY = YES;
				GCC_C_LANGUAGE_STANDARD = gnu11;
				GCC_DYNAMIC_NO_PIC = NO;
				GCC_NO_COMMON_BLOCKS = YES;
				GCC_OPTIMIZATION_LEVEL = 0;
				GCC_PREPROCESSOR_DEFINITIONS = (
					"DEBUG=1",
					"$(inherited)",
				);
				GCC_WARN_64_TO_32_BIT_CONVERSION = YES;
				GCC_WARN_ABOUT_RETURN_TYPE = YES_ERROR;
				GCC_WARN_UNDECLARED_SELECTOR = YES;
				GCC_WARN_UNINITIALIZED_AUTOS = YES_AGGRESSIVE;
				GCC_WARN_UNUSED_FUNCTION = YES;
				GCC_WARN_UNUSED_VARIABLE = YES;
				IPHONEOS_DEPLOYMENT_TARGET = 11.2;
				MTL_ENABLE_DEBUG_INFO = YES;
				ONLY_ACTIVE_ARCH = YES;
				SDKROOT = iphoneos;
				SWIFT_ACTIVE_COMPILATION_CONDITIONS = DEBUG;
				SWIFT_OPTIMIZATION_LEVEL = "-Onone";
			};
			name = Debug;
		};
		02FC3AD8202B19AB00476F67 /* Release */ = {
			isa = XCBuildConfiguration;
			buildSettings = {
				ALWAYS_SEARCH_USER_PATHS = NO;
				CLANG_ANALYZER_NONNULL = YES;
				CLANG_ANALYZER_NUMBER_OBJECT_CONVERSION = YES_AGGRESSIVE;
				CLANG_CXX_LANGUAGE_STANDARD = "gnu++14";
				CLANG_CXX_LIBRARY = "libc++";
				CLANG_ENABLE_MODULES = YES;
				CLANG_ENABLE_OBJC_ARC = YES;
				CLANG_WARN_BLOCK_CAPTURE_AUTORELEASING = YES;
				CLANG_WARN_BOOL_CONVERSION = YES;
				CLANG_WARN_COMMA = YES;
				CLANG_WARN_CONSTANT_CONVERSION = YES;
				CLANG_WARN_DIRECT_OBJC_ISA_USAGE = YES_ERROR;
				CLANG_WARN_DOCUMENTATION_COMMENTS = YES;
				CLANG_WARN_EMPTY_BODY = YES;
				CLANG_WARN_ENUM_CONVERSION = YES;
				CLANG_WARN_INFINITE_RECURSION = YES;
				CLANG_WARN_INT_CONVERSION = YES;
				CLANG_WARN_NON_LITERAL_NULL_CONVERSION = YES;
				CLANG_WARN_OBJC_LITERAL_CONVERSION = YES;
				CLANG_WARN_OBJC_ROOT_CLASS = YES_ERROR;
				CLANG_WARN_RANGE_LOOP_ANALYSIS = YES;
				CLANG_WARN_STRICT_PROTOTYPES = YES;
				CLANG_WARN_SUSPICIOUS_MOVE = YES;
				CLANG_WARN_UNGUARDED_AVAILABILITY = YES_AGGRESSIVE;
				CLANG_WARN_UNREACHABLE_CODE = YES;
				CLANG_WARN__DUPLICATE_METHOD_MATCH = YES;
				CODE_SIGN_IDENTITY = "iPhone Developer";
				COPY_PHASE_STRIP = NO;
				DEBUG_INFORMATION_FORMAT = "dwarf-with-dsym";
				ENABLE_NS_ASSERTIONS = NO;
				ENABLE_STRICT_OBJC_MSGSEND = YES;
				GCC_C_LANGUAGE_STANDARD = gnu11;
				GCC_NO_COMMON_BLOCKS = YES;
				GCC_WARN_64_TO_32_BIT_CONVERSION = YES;
				GCC_WARN_ABOUT_RETURN_TYPE = YES_ERROR;
				GCC_WARN_UNDECLARED_SELECTOR = YES;
				GCC_WARN_UNINITIALIZED_AUTOS = YES_AGGRESSIVE;
				GCC_WARN_UNUSED_FUNCTION = YES;
				GCC_WARN_UNUSED_VARIABLE = YES;
				IPHONEOS_DEPLOYMENT_TARGET = 11.2;
				MTL_ENABLE_DEBUG_INFO = NO;
				SDKROOT = iphoneos;
				SWIFT_OPTIMIZATION_LEVEL = "-Owholemodule";
				VALIDATE_PRODUCT = YES;
			};
			name = Release;
		};
		02FC3ADA202B19AB00476F67 /* Debug */ = {
			isa = XCBuildConfiguration;
			baseConfigurationReference = 80BA9C461FAA5DAD2AF88AD8 /* Pods-Puppy.debug.xcconfig */;
			buildSettings = {
				ASSETCATALOG_COMPILER_APPICON_NAME = AppIcon;
				CODE_SIGN_STYLE = Automatic;
				INFOPLIST_FILE = Puppy/Info.plist;
				LD_RUNPATH_SEARCH_PATHS = "$(inherited) @executable_path/Frameworks";
				PRODUCT_BUNDLE_IDENTIFIER = me.arifads.Puppy;
				PRODUCT_NAME = "$(TARGET_NAME)";
				SWIFT_VERSION = 4.0;
				TARGETED_DEVICE_FAMILY = "1,2";
			};
			name = Debug;
		};
		02FC3ADB202B19AB00476F67 /* Release */ = {
			isa = XCBuildConfiguration;
			baseConfigurationReference = C5D770A561D99A7D2DF38181 /* Pods-Puppy.release.xcconfig */;
			buildSettings = {
				ASSETCATALOG_COMPILER_APPICON_NAME = AppIcon;
				CODE_SIGN_STYLE = Automatic;
				INFOPLIST_FILE = Puppy/Info.plist;
				LD_RUNPATH_SEARCH_PATHS = "$(inherited) @executable_path/Frameworks";
				PRODUCT_BUNDLE_IDENTIFIER = me.arifads.Puppy;
				PRODUCT_NAME = "$(TARGET_NAME)";
				SWIFT_VERSION = 4.0;
				TARGETED_DEVICE_FAMILY = "1,2";
			};
			name = Release;
		};
/* End XCBuildConfiguration section */

/* Begin XCConfigurationList section */
		02FC3AC2202B19AB00476F67 /* Build configuration list for PBXProject "Puppy" */ = {
			isa = XCConfigurationList;
			buildConfigurations = (
				02FC3AD7202B19AB00476F67 /* Debug */,
				02FC3AD8202B19AB00476F67 /* Release */,
			);
			defaultConfigurationIsVisible = 0;
			defaultConfigurationName = Release;
		};
		02FC3AD9202B19AB00476F67 /* Build configuration list for PBXNativeTarget "Puppy" */ = {
			isa = XCConfigurationList;
			buildConfigurations = (
				02FC3ADA202B19AB00476F67 /* Debug */,
				02FC3ADB202B19AB00476F67 /* Release */,
			);
			defaultConfigurationIsVisible = 0;
			defaultConfigurationName = Release;
		};
/* End XCConfigurationList section */
	};
	rootObject = 02FC3ABF202B19AB00476F67 /* Project object */;
}
